// !$*UTF8*$!
{
	archiveVersion = 1;
	classes = {
	};
	objectVersion = 50;
	objects = {

/* Begin PBXBuildFile section */
		3483BA0525032C4800C648D5 /* AppDelegate.swift in Sources */ = {isa = PBXBuildFile; fileRef = 3483BA0425032C4800C648D5 /* AppDelegate.swift */; };
		3483BA0725032C4800C648D5 /* SceneDelegate.swift in Sources */ = {isa = PBXBuildFile; fileRef = 3483BA0625032C4800C648D5 /* SceneDelegate.swift */; };
		3483BA0925032C4800C648D5 /* TodoListViewController.swift in Sources */ = {isa = PBXBuildFile; fileRef = 3483BA0825032C4800C648D5 /* TodoListViewController.swift */; };
		3483BA0C25032C4800C648D5 /* Main.storyboard in Resources */ = {isa = PBXBuildFile; fileRef = 3483BA0A25032C4800C648D5 /* Main.storyboard */; };
		3483BA0E25032C4A00C648D5 /* Assets.xcassets in Resources */ = {isa = PBXBuildFile; fileRef = 3483BA0D25032C4A00C648D5 /* Assets.xcassets */; };
		3483BA1125032C4A00C648D5 /* LaunchScreen.storyboard in Resources */ = {isa = PBXBuildFile; fileRef = 3483BA0F25032C4A00C648D5 /* LaunchScreen.storyboard */; };
		3483BA202506F1A100C648D5 /* DataModel.xcdatamodeld in Sources */ = {isa = PBXBuildFile; fileRef = 3483BA1E2506F1A100C648D5 /* DataModel.xcdatamodeld */; };
		3483BA4525074B6A00C648D5 /* CategoryTableViewController.swift in Sources */ = {isa = PBXBuildFile; fileRef = 3483BA4425074B6A00C648D5 /* CategoryTableViewController.swift */; };
/* End PBXBuildFile section */

/* Begin PBXFileReference section */
		3483BA0125032C4800C648D5 /* Todoey.app */ = {isa = PBXFileReference; explicitFileType = wrapper.application; includeInIndex = 0; path = Todoey.app; sourceTree = BUILT_PRODUCTS_DIR; };
		3483BA0425032C4800C648D5 /* AppDelegate.swift */ = {isa = PBXFileReference; lastKnownFileType = sourcecode.swift; path = AppDelegate.swift; sourceTree = "<group>"; };
		3483BA0625032C4800C648D5 /* SceneDelegate.swift */ = {isa = PBXFileReference; lastKnownFileType = sourcecode.swift; path = SceneDelegate.swift; sourceTree = "<group>"; };
		3483BA0825032C4800C648D5 /* TodoListViewController.swift */ = {isa = PBXFileReference; lastKnownFileType = sourcecode.swift; path = TodoListViewController.swift; sourceTree = "<group>"; };
		3483BA0B25032C4800C648D5 /* Base */ = {isa = PBXFileReference; lastKnownFileType = file.storyboard; name = Base; path = Base.lproj/Main.storyboard; sourceTree = "<group>"; };
		3483BA0D25032C4A00C648D5 /* Assets.xcassets */ = {isa = PBXFileReference; lastKnownFileType = folder.assetcatalog; path = Assets.xcassets; sourceTree = "<group>"; };
		3483BA1025032C4A00C648D5 /* Base */ = {isa = PBXFileReference; lastKnownFileType = file.storyboard; name = Base; path = Base.lproj/LaunchScreen.storyboard; sourceTree = "<group>"; };
		3483BA1225032C4A00C648D5 /* Info.plist */ = {isa = PBXFileReference; lastKnownFileType = text.plist.xml; path = Info.plist; sourceTree = "<group>"; };
		3483BA1F2506F1A100C648D5 /* DataModel.xcdatamodel */ = {isa = PBXFileReference; lastKnownFileType = wrapper.xcdatamodel; path = DataModel.xcdatamodel; sourceTree = "<group>"; };
		3483BA4425074B6A00C648D5 /* CategoryTableViewController.swift */ = {isa = PBXFileReference; lastKnownFileType = sourcecode.swift; name = CategoryTableViewController.swift; path = Todoey/Views/CategoryTableViewController.swift; sourceTree = SOURCE_ROOT; };
/* End PBXFileReference section */

/* Begin PBXFrameworksBuildPhase section */
		3483B9FE25032C4800C648D5 /* Frameworks */ = {
			isa = PBXFrameworksBuildPhase;
			buildActionMask = 2147483647;
			files = (
			);
			runOnlyForDeploymentPostprocessing = 0;
		};
/* End PBXFrameworksBuildPhase section */

/* Begin PBXGroup section */
		3483B9F825032C4800C648D5 = {
			isa = PBXGroup;
			children = (
				3483BA0325032C4800C648D5 /* Todoey */,
				3483BA0225032C4800C648D5 /* Products */,
			);
			sourceTree = "<group>";
		};
		3483BA0225032C4800C648D5 /* Products */ = {
			isa = PBXGroup;
			children = (
				3483BA0125032C4800C648D5 /* Todoey.app */,
			);
			name = Products;
			sourceTree = "<group>";
		};
		3483BA0325032C4800C648D5 /* Todoey */ = {
			isa = PBXGroup;
			children = (
				3483BA0425032C4800C648D5 /* AppDelegate.swift */,
				3483BA0625032C4800C648D5 /* SceneDelegate.swift */,
				3483BA1B2505E17E00C648D5 /* Controllers */,
				3483BA1C2505E19100C648D5 /* Views */,
				3483BA1D2505E1A100C648D5 /* Supporting Files */,
				3483BA1225032C4A00C648D5 /* Info.plist */,
				3483BA1A2505E16900C648D5 /* Data Model */,
			);
			path = Todoey;
			sourceTree = "<group>";
		};
		3483BA1A2505E16900C648D5 /* Data Model */ = {
			isa = PBXGroup;
			children = (
				3483BA1E2506F1A100C648D5 /* DataModel.xcdatamodeld */,
			);
			path = "Data Model";
			sourceTree = "<group>";
		};
		3483BA1B2505E17E00C648D5 /* Controllers */ = {
			isa = PBXGroup;
			children = (
				3483BA4425074B6A00C648D5 /* CategoryTableViewController.swift */,
				3483BA0825032C4800C648D5 /* TodoListViewController.swift */,
			);
			path = Controllers;
			sourceTree = "<group>";
		};
		3483BA1C2505E19100C648D5 /* Views */ = {
			isa = PBXGroup;
			children = (
				3483BA0A25032C4800C648D5 /* Main.storyboard */,
			);
			path = Views;
			sourceTree = "<group>";
		};
		3483BA1D2505E1A100C648D5 /* Supporting Files */ = {
			isa = PBXGroup;
			children = (
				3483BA0D25032C4A00C648D5 /* Assets.xcassets */,
				3483BA0F25032C4A00C648D5 /* LaunchScreen.storyboard */,
			);
			path = "Supporting Files";
			sourceTree = "<group>";
		};
/* End PBXGroup section */

/* Begin PBXNativeTarget section */
		3483BA0025032C4800C648D5 /* Todoey */ = {
			isa = PBXNativeTarget;
			buildConfigurationList = 3483BA1525032C4A00C648D5 /* Build configuration list for PBXNativeTarget "Todoey" */;
			buildPhases = (
				3483B9FD25032C4800C648D5 /* Sources */,
				3483B9FE25032C4800C648D5 /* Frameworks */,
				3483B9FF25032C4800C648D5 /* Resources */,
			);
			buildRules = (
			);
			dependencies = (
			);
			name = Todoey;
			productName = Todoey;
			productReference = 3483BA0125032C4800C648D5 /* Todoey.app */;
			productType = "com.apple.product-type.application";
		};
/* End PBXNativeTarget section */

/* Begin PBXProject section */
		3483B9F925032C4800C648D5 /* Project object */ = {
			isa = PBXProject;
			attributes = {
				LastSwiftUpdateCheck = 1110;
				LastUpgradeCheck = 1110;
				ORGANIZATIONNAME = "Matthew Segovia";
				TargetAttributes = {
					3483BA0025032C4800C648D5 = {
						CreatedOnToolsVersion = 11.1;
					};
				};
			};
			buildConfigurationList = 3483B9FC25032C4800C648D5 /* Build configuration list for PBXProject "Todoey" */;
			compatibilityVersion = "Xcode 9.3";
			developmentRegion = en;
			hasScannedForEncodings = 0;
			knownRegions = (
				en,
				Base,
			);
			mainGroup = 3483B9F825032C4800C648D5;
			productRefGroup = 3483BA0225032C4800C648D5 /* Products */;
			projectDirPath = "";
			projectRoot = "";
			targets = (
				3483BA0025032C4800C648D5 /* Todoey */,
			);
		};
/* End PBXProject section */

/* Begin PBXResourcesBuildPhase section */
		3483B9FF25032C4800C648D5 /* Resources */ = {
			isa = PBXResourcesBuildPhase;
			buildActionMask = 2147483647;
			files = (
				3483BA1125032C4A00C648D5 /* LaunchScreen.storyboard in Resources */,
				3483BA0E25032C4A00C648D5 /* Assets.xcassets in Resources */,
				3483BA0C25032C4800C648D5 /* Main.storyboard in Resources */,
			);
			runOnlyForDeploymentPostprocessing = 0;
		};
/* End PBXResourcesBuildPhase section */

/* Begin PBXSourcesBuildPhase section */
		3483B9FD25032C4800C648D5 /* Sources */ = {
			isa = PBXSourcesBuildPhase;
			buildActionMask = 2147483647;
			files = (
				3483BA202506F1A100C648D5 /* DataModel.xcdatamodeld in Sources */,
				3483BA0925032C4800C648D5 /* TodoListViewController.swift in Sources */,
				3483BA4525074B6A00C648D5 /* CategoryTableViewController.swift in Sources */,
				3483BA0525032C4800C648D5 /* AppDelegate.swift in Sources */,
				3483BA0725032C4800C648D5 /* SceneDelegate.swift in Sources */,
			);
			runOnlyForDeploymentPostprocessing = 0;
		};
/* End PBXSourcesBuildPhase section */

/* Begin PBXVariantGroup section */
		3483BA0A25032C4800C648D5 /* Main.storyboard */ = {
			isa = PBXVariantGroup;
			children = (
				3483BA0B25032C4800C648D5 /* Base */,
			);
			name = Main.storyboard;
			sourceTree = "<group>";
		};
		3483BA0F25032C4A00C648D5 /* LaunchScreen.storyboard */ = {
			isa = PBXVariantGroup;
			children = (
				3483BA1025032C4A00C648D5 /* Base */,
			);
			name = LaunchScreen.storyboard;
			sourceTree = "<group>";
		};
/* End PBXVariantGroup section */

/* Begin XCBuildConfiguration section */
		3483BA1325032C4A00C648D5 /* Debug */ = {
			isa = XCBuildConfiguration;
			buildSettings = {
				ALWAYS_SEARCH_USER_PATHS = NO;
				CLANG_ANALYZER_NONNULL = YES;
				CLANG_ANALYZER_NUMBER_OBJECT_CONVERSION = YES_AGGRESSIVE;
				CLANG_CXX_LANGUAGE_STANDARD = "gnu++14";
				CLANG_CXX_LIBRARY = "libc++";
				CLANG_ENABLE_MODULES = YES;
				CLANG_ENABLE_OBJC_ARC = YES;
				CLANG_ENABLE_OBJC_WEAK = YES;
				CLANG_WARN_BLOCK_CAPTURE_AUTORELEASING = YES;
				CLANG_WARN_BOOL_CONVERSION = YES;
				CLANG_WARN_COMMA = YES;
				CLANG_WARN_CONSTANT_CONVERSION = YES;
				CLANG_WARN_DEPRECATED_OBJC_IMPLEMENTATIONS = YES;
				CLANG_WARN_DIRECT_OBJC_ISA_USAGE = YES_ERROR;
				CLANG_WARN_DOCUMENTATION_COMMENTS = YES;
				CLANG_WARN_EMPTY_BODY = YES;
				CLANG_WARN_ENUM_CONVERSION = YES;
				CLANG_WARN_INFINITE_RECURSION = YES;
				CLANG_WARN_INT_CONVERSION = YES;
				CLANG_WARN_NON_LITERAL_NULL_CONVERSION = YES;
				CLANG_WARN_OBJC_IMPLICIT_RETAIN_SELF = YES;
				CLANG_WARN_OBJC_LITERAL_CONVERSION = YES;
				CLANG_WARN_OBJC_ROOT_CLASS = YES_ERROR;
				CLANG_WARN_RANGE_LOOP_ANALYSIS = YES;
				CLANG_WARN_STRICT_PROTOTYPES = YES;
				CLANG_WARN_SUSPICIOUS_MOVE = YES;
				CLANG_WARN_UNGUARDED_AVAILABILITY = YES_AGGRESSIVE;
				CLANG_WARN_UNREACHABLE_CODE = YES;
				CLANG_WARN__DUPLICATE_METHOD_MATCH = YES;
				COPY_PHASE_STRIP = NO;
				DEBUG_INFORMATION_FORMAT = dwarf;
				ENABLE_STRICT_OBJC_MSGSEND = YES;
				ENABLE_TESTABILITY = YES;
				GCC_C_LANGUAGE_STANDARD = gnu11;
				GCC_DYNAMIC_NO_PIC = NO;
				GCC_NO_COMMON_BLOCKS = YES;
				GCC_OPTIMIZATION_LEVEL = 0;
				GCC_PREPROCESSOR_DEFINITIONS = (
					"DEBUG=1",
					"$(inherited)",
				);
				GCC_WARN_64_TO_32_BIT_CONVERSION = YES;
				GCC_WARN_ABOUT_RETURN_TYPE = YES_ERROR;
				GCC_WARN_UNDECLARED_SELECTOR = YES;
				GCC_WARN_UNINITIALIZED_AUTOS = YES_AGGRESSIVE;
				GCC_WARN_UNUSED_FUNCTION = YES;
				GCC_WARN_UNUSED_VARIABLE = YES;
				IPHONEOS_DEPLOYMENT_TARGET = 13.1;
				MTL_ENABLE_DEBUG_INFO = INCLUDE_SOURCE;
				MTL_FAST_MATH = YES;
				ONLY_ACTIVE_ARCH = YES;
				SDKROOT = iphoneos;
				SWIFT_ACTIVE_COMPILATION_CONDITIONS = DEBUG;
				SWIFT_OPTIMIZATION_LEVEL = "-Onone";
			};
			name = Debug;
		};
		3483BA1425032C4A00C648D5 /* Release */ = {
			isa = XCBuildConfiguration;
			buildSettings = {
				ALWAYS_SEARCH_USER_PATHS = NO;
				CLANG_ANALYZER_NONNULL = YES;
				CLANG_ANALYZER_NUMBER_OBJECT_CONVERSION = YES_AGGRESSIVE;
				CLANG_CXX_LANGUAGE_STANDARD = "gnu++14";
				CLANG_CXX_LIBRARY = "libc++";
				CLANG_ENABLE_MODULES = YES;
				CLANG_ENABLE_OBJC_ARC = YES;
				CLANG_ENABLE_OBJC_WEAK = YES;
				CLANG_WARN_BLOCK_CAPTURE_AUTORELEASING = YES;
				CLANG_WARN_BOOL_CONVERSION = YES;
				CLANG_WARN_COMMA = YES;
				CLANG_WARN_CONSTANT_CONVERSION = YES;
				CLANG_WARN_DEPRECATED_OBJC_IMPLEMENTATIONS = YES;
				CLANG_WARN_DIRECT_OBJC_ISA_USAGE = YES_ERROR;
				CLANG_WARN_DOCUMENTATION_COMMENTS = YES;
				CLANG_WARN_EMPTY_BODY = YES;
				CLANG_WARN_ENUM_CONVERSION = YES;
				CLANG_WARN_INFINITE_RECURSION = YES;
				CLANG_WARN_INT_CONVERSION = YES;
				CLANG_WARN_NON_LITERAL_NULL_CONVERSION = YES;
				CLANG_WARN_OBJC_IMPLICIT_RETAIN_SELF = YES;
				CLANG_WARN_OBJC_LITERAL_CONVERSION = YES;
				CLANG_WARN_OBJC_ROOT_CLASS = YES_ERROR;
				CLANG_WARN_RANGE_LOOP_ANALYSIS = YES;
				CLANG_WARN_STRICT_PROTOTYPES = YES;
				CLANG_WARN_SUSPICIOUS_MOVE = YES;
				CLANG_WARN_UNGUARDED_AVAILABILITY = YES_AGGRESSIVE;
				CLANG_WARN_UNREACHABLE_CODE = YES;
				CLANG_WARN__DUPLICATE_METHOD_MATCH = YES;
				COPY_PHASE_STRIP = NO;
				DEBUG_INFORMATION_FORMAT = "dwarf-with-dsym";
				ENABLE_NS_ASSERTIONS = NO;
				ENABLE_STRICT_OBJC_MSGSEND = YES;
				GCC_C_LANGUAGE_STANDARD = gnu11;
				GCC_NO_COMMON_BLOCKS = YES;
				GCC_WARN_64_TO_32_BIT_CONVERSION = YES;
				GCC_WARN_ABOUT_RETURN_TYPE = YES_ERROR;
				GCC_WARN_UNDECLARED_SELECTOR = YES;
				GCC_WARN_UNINITIALIZED_AUTOS = YES_AGGRESSIVE;
				GCC_WARN_UNUSED_FUNCTION = YES;
				GCC_WARN_UNUSED_VARIABLE = YES;
				IPHONEOS_DEPLOYMENT_TARGET = 13.1;
				MTL_ENABLE_DEBUG_INFO = NO;
				MTL_FAST_MATH = YES;
				SDKROOT = iphoneos;
				SWIFT_COMPILATION_MODE = wholemodule;
				SWIFT_OPTIMIZATION_LEVEL = "-O";
				VALIDATE_PRODUCT = YES;
			};
			name = Release;
		};
		3483BA1625032C4A00C648D5 /* Debug */ = {
			isa = XCBuildConfiguration;
			buildSettings = {
				ASSETCATALOG_COMPILER_APPICON_NAME = AppIcon;
				CODE_SIGN_STYLE = Automatic;
				INFOPLIST_FILE = Todoey/Info.plist;
				LD_RUNPATH_SEARCH_PATHS = (
					"$(inherited)",
					"@executable_path/Frameworks",
				);
				PRODUCT_BUNDLE_IDENTIFIER = test.Todoey;
				PRODUCT_NAME = "$(TARGET_NAME)";
				SWIFT_VERSION = 5.0;
				TARGETED_DEVICE_FAMILY = "1,2";
			};
			name = Debug;
		};
		3483BA1725032C4A00C648D5 /* Release */ = {
			isa = XCBuildConfiguration;
			buildSettings = {
				ASSETCATALOG_COMPILER_APPICON_NAME = AppIcon;
				CODE_SIGN_STYLE = Automatic;
				INFOPLIST_FILE = Todoey/Info.plist;
				LD_RUNPATH_SEARCH_PATHS = (
					"$(inherited)",
					"@executable_path/Frameworks",
				);
				PRODUCT_BUNDLE_IDENTIFIER = test.Todoey;
				PRODUCT_NAME = "$(TARGET_NAME)";
				SWIFT_VERSION = 5.0;
				TARGETED_DEVICE_FAMILY = "1,2";
			};
			name = Release;
		};
/* End XCBuildConfiguration section */

/* Begin XCConfigurationList section */
		3483B9FC25032C4800C648D5 /* Build configuration list for PBXProject "Todoey" */ = {
			isa = XCConfigurationList;
			buildConfigurations = (
				3483BA1325032C4A00C648D5 /* Debug */,
				3483BA1425032C4A00C648D5 /* Release */,
			);
			defaultConfigurationIsVisible = 0;
			defaultConfigurationName = Release;
		};
		3483BA1525032C4A00C648D5 /* Build configuration list for PBXNativeTarget "Todoey" */ = {
			isa = XCConfigurationList;
			buildConfigurations = (
				3483BA1625032C4A00C648D5 /* Debug */,
				3483BA1725032C4A00C648D5 /* Release */,
			);
			defaultConfigurationIsVisible = 0;
			defaultConfigurationName = Release;
		};
/* End XCConfigurationList section */

/* Begin XCVersionGroup section */
		3483BA1E2506F1A100C648D5 /* DataModel.xcdatamodeld */ = {
			isa = XCVersionGroup;
			children = (
				3483BA1F2506F1A100C648D5 /* DataModel.xcdatamodel */,
			);
			currentVersion = 3483BA1F2506F1A100C648D5 /* DataModel.xcdatamodel */;
			path = DataModel.xcdatamodeld;
			sourceTree = "<group>";
			versionGroupType = wrapper.xcdatamodel;
		};
/* End XCVersionGroup section */
	};
	rootObject = 3483B9F925032C4800C648D5 /* Project object */;
}
